github.com/kindalus/godx v0.1.0 h1:b7shO8L2WFmfHP+p4s8d97f6JzVtCl+NaOpH7drV9zs=
github.com/kindalus/godx v0.1.0/go.mod h1:TTtnLo4WLMjtul693miKgFEuPMkYJS4Q/q0XCy5qMJM=
github.com/stretchr/testify v1.11.1 h1:7s2iGBzp5EwR7/aIZr8ao5+dra3wiQyKjjFuvgVKu7U=
github.com/stretchr/testify v1.11.1/go.mod h1:wZwfW3scLgRK+23gO65QZefKpKQRnfz6sD981Nm4B6U=
